
Microsoft Visual Studio Solution File, Format Version 12.00
# Visual Studio Version 16
VisualStudioVersion = 16.0.31702.278
MinimumVisualStudioVersion = 10.0.40219.1
Project("{2150E333-8FDC-42A3-9474-1A3956D46DE8}") = "05-Transversal", "05-Transversal", "{518FC029-7306-486C-BE3E-D7B9A64FD09D}"
EndProject
Project("{2150E333-8FDC-42A3-9474-1A3956D46DE8}") = "03-Dominio", "03-Dominio", "{AD56E253-F328-4161-9562-EAE0A9914AE4}"
EndProject
Project("{2150E333-8FDC-42A3-9474-1A3956D46DE8}") = "02-Aplicacion", "02-Aplicacion", "{1815C165-8C43-4A14-9B01-CA1BF1B6426F}"
EndProject
Project("{2150E333-8FDC-42A3-9474-1A3956D46DE8}") = "04-Infraestructura", "04-Infraestructura", "{39E1D4E0-A4A4-4406-9D9E-310DABCFF1AD}"
EndProject
Project("{2150E333-8FDC-42A3-9474-1A3956D46DE8}") = "01-Servicio", "01-Servicio", "{3868EBE0-7562-4374-81CC-29CCC6F48528}"
EndProject
Project("{2150E333-8FDC-42A3-9474-1A3956D46DE8}") = "02-Aplicacion-Prueba", "02-Aplicacion-Prueba", "{A54B1212-017A-435F-AE96-13A65181881A}"
EndProject
Project("{9A19103F-16F7-4668-BE54-9A1E7A4F7556}") = "Application.Validator", "02-Aplicacion\Aplication.Validator\Application.Validator.csproj", "{BA0DCCA9-4ACA-4633-95E0-69A776A21914}"
EndProject
Project("{9A19103F-16F7-4668-BE54-9A1E7A4F7556}") = "Application.DTO", "02-Aplicacion\Application.DTO\Application.DTO.csproj", "{7CE62FDC-3B2E-43C0-B935-2C2354F0E028}"
EndProject
Project("{9A19103F-16F7-4668-BE54-9A1E7A4F7556}") = "Application.Test", "02-Aplicacion-Test\Application.Test\Application.Test.csproj", "{1C1DC1D6-E1CB-4835-92F4-75C7DA34FA04}"
EndProject
Project("{9A19103F-16F7-4668-BE54-9A1E7A4F7556}") = "Application.Interface", "02-Aplicacion\Application.Interface\Application.Interface.csproj", "{E9619917-E580-406E-ADC8-002C8F5C13EE}"
EndProject
Project("{9A19103F-16F7-4668-BE54-9A1E7A4F7556}") = "Application.Main", "02-Aplicacion\Application.Main\Application.Main.csproj", "{22BEDA6E-21E5-4EA5-AD15-FC0F79ED2398}"
EndProject
Project("{9A19103F-16F7-4668-BE54-9A1E7A4F7556}") = "Domain.Core", "03-Dominio\Domain.Core\Domain.Core.csproj", "{C8315326-C39C-430F-B03D-EF032A87A379}"
EndProject
Project("{9A19103F-16F7-4668-BE54-9A1E7A4F7556}") = "Domain.Entity", "03-Dominio\Domain.Entity\Domain.Entity.csproj", "{DCEBAD59-BBD0-48E4-8421-FB3EE3748779}"
EndProject
Project("{9A19103F-16F7-4668-BE54-9A1E7A4F7556}") = "Domain.Interface", "03-Dominio\Domain.Interface\Domain.Interface.csproj", "{2FD249C5-9D57-4C76-83C7-11925F9C5F4D}"
EndProject
Project("{9A19103F-16F7-4668-BE54-9A1E7A4F7556}") = "Infraestructura.Data", "04-Infraestructura\Infraestructura.Data\Infraestructura.Data.csproj", "{18F8C34D-6389-41F3-A2E4-EF4476BBA451}"
EndProject
Project("{9A19103F-16F7-4668-BE54-9A1E7A4F7556}") = "Infraestructura.Interface", "04-Infraestructura\Infraestructura.Interface\Infraestructura.Interface.csproj", "{E2221507-0204-443B-A410-DDB3032848AA}"
EndProject
Project("{9A19103F-16F7-4668-BE54-9A1E7A4F7556}") = "Infraestructura.Repository", "04-Infraestructura\Infraestructura.Repository\Infraestructura.Repository.csproj", "{67CEEC40-014B-4CA4-873D-B37340956D0C}"
EndProject
Project("{9A19103F-16F7-4668-BE54-9A1E7A4F7556}") = "Transversal.Mapper", "05-Transversal\Transversal.Mapper\Transversal.Mapper.csproj", "{51D867A0-1392-4601-8EAC-245F211CC640}"
EndProject
Project("{9A19103F-16F7-4668-BE54-9A1E7A4F7556}") = "Transversal.Common", "05-Transversal\Transversal.Common\Transversal.Common.csproj", "{99414534-0649-4792-ADE6-6C0876D2A904}"
EndProject
Project("{9A19103F-16F7-4668-BE54-9A1E7A4F7556}") = "Transversal.Logging", "05-Transversal\Transversal.Logging\Transversal.Logging.csproj", "{BB37F02C-5AA0-48D6-8480-6630D38099F5}"
EndProject
Project("{FAE04EC0-301F-11D3-BF4B-00C04F79EFBC}") = "Services.WebApi", "01-Servicio\Services.WebApi\Services.WebApi.csproj", "{60653074-3CF5-4F3A-8657-9C2D9B889F70}"
EndProject
Global
	GlobalSection(SolutionConfigurationPlatforms) = preSolution
		Debug|Any CPU = Debug|Any CPU
		Debug|ARM = Debug|ARM
		Debug|ARM64 = Debug|ARM64
		Debug|x64 = Debug|x64
		Debug|x86 = Debug|x86
		Release|Any CPU = Release|Any CPU
		Release|ARM = Release|ARM
		Release|ARM64 = Release|ARM64
		Release|x64 = Release|x64
		Release|x86 = Release|x86
	EndGlobalSection
	GlobalSection(ProjectConfigurationPlatforms) = postSolution
		{BA0DCCA9-4ACA-4633-95E0-69A776A21914}.Debug|Any CPU.ActiveCfg = Debug|Any CPU
		{BA0DCCA9-4ACA-4633-95E0-69A776A21914}.Debug|Any CPU.Build.0 = Debug|Any CPU
		{BA0DCCA9-4ACA-4633-95E0-69A776A21914}.Debug|ARM.ActiveCfg = Debug|Any CPU
		{BA0DCCA9-4ACA-4633-95E0-69A776A21914}.Debug|ARM.Build.0 = Debug|Any CPU
		{BA0DCCA9-4ACA-4633-95E0-69A776A21914}.Debug|ARM64.ActiveCfg = Debug|Any CPU
		{BA0DCCA9-4ACA-4633-95E0-69A776A21914}.Debug|ARM64.Build.0 = Debug|Any CPU
		{BA0DCCA9-4ACA-4633-95E0-69A776A21914}.Debug|x64.ActiveCfg = Debug|Any CPU
		{BA0DCCA9-4ACA-4633-95E0-69A776A21914}.Debug|x64.Build.0 = Debug|Any CPU
		{BA0DCCA9-4ACA-4633-95E0-69A776A21914}.Debug|x86.ActiveCfg = Debug|Any CPU
		{BA0DCCA9-4ACA-4633-95E0-69A776A21914}.Debug|x86.Build.0 = Debug|Any CPU
		{BA0DCCA9-4ACA-4633-95E0-69A776A21914}.Release|Any CPU.ActiveCfg = Release|Any CPU
		{BA0DCCA9-4ACA-4633-95E0-69A776A21914}.Release|Any CPU.Build.0 = Release|Any CPU
		{BA0DCCA9-4ACA-4633-95E0-69A776A21914}.Release|ARM.ActiveCfg = Release|Any CPU
		{BA0DCCA9-4ACA-4633-95E0-69A776A21914}.Release|ARM.Build.0 = Release|Any CPU
		{BA0DCCA9-4ACA-4633-95E0-69A776A21914}.Release|ARM64.ActiveCfg = Release|Any CPU
		{BA0DCCA9-4ACA-4633-95E0-69A776A21914}.Release|ARM64.Build.0 = Release|Any CPU
		{BA0DCCA9-4ACA-4633-95E0-69A776A21914}.Release|x64.ActiveCfg = Release|Any CPU
		{BA0DCCA9-4ACA-4633-95E0-69A776A21914}.Release|x64.Build.0 = Release|Any CPU
		{BA0DCCA9-4ACA-4633-95E0-69A776A21914}.Release|x86.ActiveCfg = Release|Any CPU
		{BA0DCCA9-4ACA-4633-95E0-69A776A21914}.Release|x86.Build.0 = Release|Any CPU
		{7CE62FDC-3B2E-43C0-B935-2C2354F0E028}.Debug|Any CPU.ActiveCfg = Debug|Any CPU
		{7CE62FDC-3B2E-43C0-B935-2C2354F0E028}.Debug|Any CPU.Build.0 = Debug|Any CPU
		{7CE62FDC-3B2E-43C0-B935-2C2354F0E028}.Debug|ARM.ActiveCfg = Debug|Any CPU
		{7CE62FDC-3B2E-43C0-B935-2C2354F0E028}.Debug|ARM.Build.0 = Debug|Any CPU
		{7CE62FDC-3B2E-43C0-B935-2C2354F0E028}.Debug|ARM64.ActiveCfg = Debug|Any CPU
		{7CE62FDC-3B2E-43C0-B935-2C2354F0E028}.Debug|ARM64.Build.0 = Debug|Any CPU
		{7CE62FDC-3B2E-43C0-B935-2C2354F0E028}.Debug|x64.ActiveCfg = Debug|Any CPU
		{7CE62FDC-3B2E-43C0-B935-2C2354F0E028}.Debug|x64.Build.0 = Debug|Any CPU
		{7CE62FDC-3B2E-43C0-B935-2C2354F0E028}.Debug|x86.ActiveCfg = Debug|Any CPU
		{7CE62FDC-3B2E-43C0-B935-2C2354F0E028}.Debug|x86.Build.0 = Debug|Any CPU
		{7CE62FDC-3B2E-43C0-B935-2C2354F0E028}.Release|Any CPU.ActiveCfg = Release|Any CPU
		{7CE62FDC-3B2E-43C0-B935-2C2354F0E028}.Release|Any CPU.Build.0 = Release|Any CPU
		{7CE62FDC-3B2E-43C0-B935-2C2354F0E028}.Release|ARM.ActiveCfg = Release|Any CPU
		{7CE62FDC-3B2E-43C0-B935-2C2354F0E028}.Release|ARM.Build.0 = Release|Any CPU
		{7CE62FDC-3B2E-43C0-B935-2C2354F0E028}.Release|ARM64.ActiveCfg = Release|Any CPU
		{7CE62FDC-3B2E-43C0-B935-2C2354F0E028}.Release|ARM64.Build.0 = Release|Any CPU
		{7CE62FDC-3B2E-43C0-B935-2C2354F0E028}.Release|x64.ActiveCfg = Release|Any CPU
		{7CE62FDC-3B2E-43C0-B935-2C2354F0E028}.Release|x64.Build.0 = Release|Any CPU
		{7CE62FDC-3B2E-43C0-B935-2C2354F0E028}.Release|x86.ActiveCfg = Release|Any CPU
		{7CE62FDC-3B2E-43C0-B935-2C2354F0E028}.Release|x86.Build.0 = Release|Any CPU
		{1C1DC1D6-E1CB-4835-92F4-75C7DA34FA04}.Debug|Any CPU.ActiveCfg = Debug|Any CPU
		{1C1DC1D6-E1CB-4835-92F4-75C7DA34FA04}.Debug|Any CPU.Build.0 = Debug|Any CPU
		{1C1DC1D6-E1CB-4835-92F4-75C7DA34FA04}.Debug|ARM.ActiveCfg = Debug|Any CPU
		{1C1DC1D6-E1CB-4835-92F4-75C7DA34FA04}.Debug|ARM.Build.0 = Debug|Any CPU
		{1C1DC1D6-E1CB-4835-92F4-75C7DA34FA04}.Debug|ARM64.ActiveCfg = Debug|Any CPU
		{1C1DC1D6-E1CB-4835-92F4-75C7DA34FA04}.Debug|ARM64.Build.0 = Debug|Any CPU
		{1C1DC1D6-E1CB-4835-92F4-75C7DA34FA04}.Debug|x64.ActiveCfg = Debug|Any CPU
		{1C1DC1D6-E1CB-4835-92F4-75C7DA34FA04}.Debug|x64.Build.0 = Debug|Any CPU
		{1C1DC1D6-E1CB-4835-92F4-75C7DA34FA04}.Debug|x86.ActiveCfg = Debug|Any CPU
		{1C1DC1D6-E1CB-4835-92F4-75C7DA34FA04}.Debug|x86.Build.0 = Debug|Any CPU
		{1C1DC1D6-E1CB-4835-92F4-75C7DA34FA04}.Release|Any CPU.ActiveCfg = Release|Any CPU
		{1C1DC1D6-E1CB-4835-92F4-75C7DA34FA04}.Release|Any CPU.Build.0 = Release|Any CPU
		{1C1DC1D6-E1CB-4835-92F4-75C7DA34FA04}.Release|ARM.ActiveCfg = Release|Any CPU
		{1C1DC1D6-E1CB-4835-92F4-75C7DA34FA04}.Release|ARM.Build.0 = Release|Any CPU
		{1C1DC1D6-E1CB-4835-92F4-75C7DA34FA04}.Release|ARM64.ActiveCfg = Release|Any CPU
		{1C1DC1D6-E1CB-4835-92F4-75C7DA34FA04}.Release|ARM64.Build.0 = Release|Any CPU
		{1C1DC1D6-E1CB-4835-92F4-75C7DA34FA04}.Release|x64.ActiveCfg = Release|Any CPU
		{1C1DC1D6-E1CB-4835-92F4-75C7DA34FA04}.Release|x64.Build.0 = Release|Any CPU
		{1C1DC1D6-E1CB-4835-92F4-75C7DA34FA04}.Release|x86.ActiveCfg = Release|Any CPU
		{1C1DC1D6-E1CB-4835-92F4-75C7DA34FA04}.Release|x86.Build.0 = Release|Any CPU
		{E9619917-E580-406E-ADC8-002C8F5C13EE}.Debug|Any CPU.ActiveCfg = Debug|Any CPU
		{E9619917-E580-406E-ADC8-002C8F5C13EE}.Debug|Any CPU.Build.0 = Debug|Any CPU
		{E9619917-E580-406E-ADC8-002C8F5C13EE}.Debug|ARM.ActiveCfg = Debug|Any CPU
		{E9619917-E580-406E-ADC8-002C8F5C13EE}.Debug|ARM.Build.0 = Debug|Any CPU
		{E9619917-E580-406E-ADC8-002C8F5C13EE}.Debug|ARM64.ActiveCfg = Debug|Any CPU
		{E9619917-E580-406E-ADC8-002C8F5C13EE}.Debug|ARM64.Build.0 = Debug|Any CPU
		{E9619917-E580-406E-ADC8-002C8F5C13EE}.Debug|x64.ActiveCfg = Debug|Any CPU
		{E9619917-E580-406E-ADC8-002C8F5C13EE}.Debug|x64.Build.0 = Debug|Any CPU
		{E9619917-E580-406E-ADC8-002C8F5C13EE}.Debug|x86.ActiveCfg = Debug|Any CPU
		{E9619917-E580-406E-ADC8-002C8F5C13EE}.Debug|x86.Build.0 = Debug|Any CPU
		{E9619917-E580-406E-ADC8-002C8F5C13EE}.Release|Any CPU.ActiveCfg = Release|Any CPU
		{E9619917-E580-406E-ADC8-002C8F5C13EE}.Release|Any CPU.Build.0 = Release|Any CPU
		{E9619917-E580-406E-ADC8-002C8F5C13EE}.Release|ARM.ActiveCfg = Release|Any CPU
		{E9619917-E580-406E-ADC8-002C8F5C13EE}.Release|ARM.Build.0 = Release|Any CPU
		{E9619917-E580-406E-ADC8-002C8F5C13EE}.Release|ARM64.ActiveCfg = Release|Any CPU
		{E9619917-E580-406E-ADC8-002C8F5C13EE}.Release|ARM64.Build.0 = Release|Any CPU
		{E9619917-E580-406E-ADC8-002C8F5C13EE}.Release|x64.ActiveCfg = Release|Any CPU
		{E9619917-E580-406E-ADC8-002C8F5C13EE}.Release|x64.Build.0 = Release|Any CPU
		{E9619917-E580-406E-ADC8-002C8F5C13EE}.Release|x86.ActiveCfg = Release|Any CPU
		{E9619917-E580-406E-ADC8-002C8F5C13EE}.Release|x86.Build.0 = Release|Any CPU
		{22BEDA6E-21E5-4EA5-AD15-FC0F79ED2398}.Debug|Any CPU.ActiveCfg = Debug|Any CPU
		{22BEDA6E-21E5-4EA5-AD15-FC0F79ED2398}.Debug|Any CPU.Build.0 = Debug|Any CPU
		{22BEDA6E-21E5-4EA5-AD15-FC0F79ED2398}.Debug|ARM.ActiveCfg = Debug|Any CPU
		{22BEDA6E-21E5-4EA5-AD15-FC0F79ED2398}.Debug|ARM.Build.0 = Debug|Any CPU
		{22BEDA6E-21E5-4EA5-AD15-FC0F79ED2398}.Debug|ARM64.ActiveCfg = Debug|Any CPU
		{22BEDA6E-21E5-4EA5-AD15-FC0F79ED2398}.Debug|ARM64.Build.0 = Debug|Any CPU
		{22BEDA6E-21E5-4EA5-AD15-FC0F79ED2398}.Debug|x64.ActiveCfg = Debug|Any CPU
		{22BEDA6E-21E5-4EA5-AD15-FC0F79ED2398}.Debug|x64.Build.0 = Debug|Any CPU
		{22BEDA6E-21E5-4EA5-AD15-FC0F79ED2398}.Debug|x86.ActiveCfg = Debug|Any CPU
		{22BEDA6E-21E5-4EA5-AD15-FC0F79ED2398}.Debug|x86.Build.0 = Debug|Any CPU
		{22BEDA6E-21E5-4EA5-AD15-FC0F79ED2398}.Release|Any CPU.ActiveCfg = Release|Any CPU
		{22BEDA6E-21E5-4EA5-AD15-FC0F79ED2398}.Release|Any CPU.Build.0 = Release|Any CPU
		{22BEDA6E-21E5-4EA5-AD15-FC0F79ED2398}.Release|ARM.ActiveCfg = Release|Any CPU
		{22BEDA6E-21E5-4EA5-AD15-FC0F79ED2398}.Release|ARM.Build.0 = Release|Any CPU
		{22BEDA6E-21E5-4EA5-AD15-FC0F79ED2398}.Release|ARM64.ActiveCfg = Release|Any CPU
		{22BEDA6E-21E5-4EA5-AD15-FC0F79ED2398}.Release|ARM64.Build.0 = Release|Any CPU
		{22BEDA6E-21E5-4EA5-AD15-FC0F79ED2398}.Release|x64.ActiveCfg = Release|Any CPU
		{22BEDA6E-21E5-4EA5-AD15-FC0F79ED2398}.Release|x64.Build.0 = Release|Any CPU
		{22BEDA6E-21E5-4EA5-AD15-FC0F79ED2398}.Release|x86.ActiveCfg = Release|Any CPU
		{22BEDA6E-21E5-4EA5-AD15-FC0F79ED2398}.Release|x86.Build.0 = Release|Any CPU
		{C8315326-C39C-430F-B03D-EF032A87A379}.Debug|Any CPU.ActiveCfg = Debug|Any CPU
		{C8315326-C39C-430F-B03D-EF032A87A379}.Debug|Any CPU.Build.0 = Debug|Any CPU
		{C8315326-C39C-430F-B03D-EF032A87A379}.Debug|ARM.ActiveCfg = Debug|Any CPU
		{C8315326-C39C-430F-B03D-EF032A87A379}.Debug|ARM.Build.0 = Debug|Any CPU
		{C8315326-C39C-430F-B03D-EF032A87A379}.Debug|ARM64.ActiveCfg = Debug|Any CPU
		{C8315326-C39C-430F-B03D-EF032A87A379}.Debug|ARM64.Build.0 = Debug|Any CPU
		{C8315326-C39C-430F-B03D-EF032A87A379}.Debug|x64.ActiveCfg = Debug|Any CPU
		{C8315326-C39C-430F-B03D-EF032A87A379}.Debug|x64.Build.0 = Debug|Any CPU
		{C8315326-C39C-430F-B03D-EF032A87A379}.Debug|x86.ActiveCfg = Debug|Any CPU
		{C8315326-C39C-430F-B03D-EF032A87A379}.Debug|x86.Build.0 = Debug|Any CPU
		{C8315326-C39C-430F-B03D-EF032A87A379}.Release|Any CPU.ActiveCfg = Release|Any CPU
		{C8315326-C39C-430F-B03D-EF032A87A379}.Release|Any CPU.Build.0 = Release|Any CPU
		{C8315326-C39C-430F-B03D-EF032A87A379}.Release|ARM.ActiveCfg = Release|Any CPU
		{C8315326-C39C-430F-B03D-EF032A87A379}.Release|ARM.Build.0 = Release|Any CPU
		{C8315326-C39C-430F-B03D-EF032A87A379}.Release|ARM64.ActiveCfg = Release|Any CPU
		{C8315326-C39C-430F-B03D-EF032A87A379}.Release|ARM64.Build.0 = Release|Any CPU
		{C8315326-C39C-430F-B03D-EF032A87A379}.Release|x64.ActiveCfg = Release|Any CPU
		{C8315326-C39C-430F-B03D-EF032A87A379}.Release|x64.Build.0 = Release|Any CPU
		{C8315326-C39C-430F-B03D-EF032A87A379}.Release|x86.ActiveCfg = Release|Any CPU
		{C8315326-C39C-430F-B03D-EF032A87A379}.Release|x86.Build.0 = Release|Any CPU
		{DCEBAD59-BBD0-48E4-8421-FB3EE3748779}.Debug|Any CPU.ActiveCfg = Debug|Any CPU
		{DCEBAD59-BBD0-48E4-8421-FB3EE3748779}.Debug|Any CPU.Build.0 = Debug|Any CPU
		{DCEBAD59-BBD0-48E4-8421-FB3EE3748779}.Debug|ARM.ActiveCfg = Debug|Any CPU
		{DCEBAD59-BBD0-48E4-8421-FB3EE3748779}.Debug|ARM.Build.0 = Debug|Any CPU
		{DCEBAD59-BBD0-48E4-8421-FB3EE3748779}.Debug|ARM64.ActiveCfg = Debug|Any CPU
		{DCEBAD59-BBD0-48E4-8421-FB3EE3748779}.Debug|ARM64.Build.0 = Debug|Any CPU
		{DCEBAD59-BBD0-48E4-8421-FB3EE3748779}.Debug|x64.ActiveCfg = Debug|Any CPU
		{DCEBAD59-BBD0-48E4-8421-FB3EE3748779}.Debug|x64.Build.0 = Debug|Any CPU
		{DCEBAD59-BBD0-48E4-8421-FB3EE3748779}.Debug|x86.ActiveCfg = Debug|Any CPU
		{DCEBAD59-BBD0-48E4-8421-FB3EE3748779}.Debug|x86.Build.0 = Debug|Any CPU
		{DCEBAD59-BBD0-48E4-8421-FB3EE3748779}.Release|Any CPU.ActiveCfg = Release|Any CPU
		{DCEBAD59-BBD0-48E4-8421-FB3EE3748779}.Release|Any CPU.Build.0 = Release|Any CPU
		{DCEBAD59-BBD0-48E4-8421-FB3EE3748779}.Release|ARM.ActiveCfg = Release|Any CPU
		{DCEBAD59-BBD0-48E4-8421-FB3EE3748779}.Release|ARM.Build.0 = Release|Any CPU
		{DCEBAD59-BBD0-48E4-8421-FB3EE3748779}.Release|ARM64.ActiveCfg = Release|Any CPU
		{DCEBAD59-BBD0-48E4-8421-FB3EE3748779}.Release|ARM64.Build.0 = Release|Any CPU
		{DCEBAD59-BBD0-48E4-8421-FB3EE3748779}.Release|x64.ActiveCfg = Release|Any CPU
		{DCEBAD59-BBD0-48E4-8421-FB3EE3748779}.Release|x64.Build.0 = Release|Any CPU
		{DCEBAD59-BBD0-48E4-8421-FB3EE3748779}.Release|x86.ActiveCfg = Release|Any CPU
		{DCEBAD59-BBD0-48E4-8421-FB3EE3748779}.Release|x86.Build.0 = Release|Any CPU
		{2FD249C5-9D57-4C76-83C7-11925F9C5F4D}.Debug|Any CPU.ActiveCfg = Debug|Any CPU
		{2FD249C5-9D57-4C76-83C7-11925F9C5F4D}.Debug|Any CPU.Build.0 = Debug|Any CPU
		{2FD249C5-9D57-4C76-83C7-11925F9C5F4D}.Debug|ARM.ActiveCfg = Debug|Any CPU
		{2FD249C5-9D57-4C76-83C7-11925F9C5F4D}.Debug|ARM.Build.0 = Debug|Any CPU
		{2FD249C5-9D57-4C76-83C7-11925F9C5F4D}.Debug|ARM64.ActiveCfg = Debug|Any CPU
		{2FD249C5-9D57-4C76-83C7-11925F9C5F4D}.Debug|ARM64.Build.0 = Debug|Any CPU
		{2FD249C5-9D57-4C76-83C7-11925F9C5F4D}.Debug|x64.ActiveCfg = Debug|Any CPU
		{2FD249C5-9D57-4C76-83C7-11925F9C5F4D}.Debug|x64.Build.0 = Debug|Any CPU
		{2FD249C5-9D57-4C76-83C7-11925F9C5F4D}.Debug|x86.ActiveCfg = Debug|Any CPU
		{2FD249C5-9D57-4C76-83C7-11925F9C5F4D}.Debug|x86.Build.0 = Debug|Any CPU
		{2FD249C5-9D57-4C76-83C7-11925F9C5F4D}.Release|Any CPU.ActiveCfg = Release|Any CPU
		{2FD249C5-9D57-4C76-83C7-11925F9C5F4D}.Release|Any CPU.Build.0 = Release|Any CPU
		{2FD249C5-9D57-4C76-83C7-11925F9C5F4D}.Release|ARM.ActiveCfg = Release|Any CPU
		{2FD249C5-9D57-4C76-83C7-11925F9C5F4D}.Release|ARM.Build.0 = Release|Any CPU
		{2FD249C5-9D57-4C76-83C7-11925F9C5F4D}.Release|ARM64.ActiveCfg = Release|Any CPU
		{2FD249C5-9D57-4C76-83C7-11925F9C5F4D}.Release|ARM64.Build.0 = Release|Any CPU
		{2FD249C5-9D57-4C76-83C7-11925F9C5F4D}.Release|x64.ActiveCfg = Release|Any CPU
		{2FD249C5-9D57-4C76-83C7-11925F9C5F4D}.Release|x64.Build.0 = Release|Any CPU
		{2FD249C5-9D57-4C76-83C7-11925F9C5F4D}.Release|x86.ActiveCfg = Release|Any CPU
		{2FD249C5-9D57-4C76-83C7-11925F9C5F4D}.Release|x86.Build.0 = Release|Any CPU
		{18F8C34D-6389-41F3-A2E4-EF4476BBA451}.Debug|Any CPU.ActiveCfg = Debug|Any CPU
		{18F8C34D-6389-41F3-A2E4-EF4476BBA451}.Debug|Any CPU.Build.0 = Debug|Any CPU
		{18F8C34D-6389-41F3-A2E4-EF4476BBA451}.Debug|ARM.ActiveCfg = Debug|Any CPU
		{18F8C34D-6389-41F3-A2E4-EF4476BBA451}.Debug|ARM.Build.0 = Debug|Any CPU
		{18F8C34D-6389-41F3-A2E4-EF4476BBA451}.Debug|ARM64.ActiveCfg = Debug|Any CPU
		{18F8C34D-6389-41F3-A2E4-EF4476BBA451}.Debug|ARM64.Build.0 = Debug|Any CPU
		{18F8C34D-6389-41F3-A2E4-EF4476BBA451}.Debug|x64.ActiveCfg = Debug|Any CPU
		{18F8C34D-6389-41F3-A2E4-EF4476BBA451}.Debug|x64.Build.0 = Debug|Any CPU
		{18F8C34D-6389-41F3-A2E4-EF4476BBA451}.Debug|x86.ActiveCfg = Debug|Any CPU
		{18F8C34D-6389-41F3-A2E4-EF4476BBA451}.Debug|x86.Build.0 = Debug|Any CPU
		{18F8C34D-6389-41F3-A2E4-EF4476BBA451}.Release|Any CPU.ActiveCfg = Release|Any CPU
		{18F8C34D-6389-41F3-A2E4-EF4476BBA451}.Release|Any CPU.Build.0 = Release|Any CPU
		{18F8C34D-6389-41F3-A2E4-EF4476BBA451}.Release|ARM.ActiveCfg = Release|Any CPU
		{18F8C34D-6389-41F3-A2E4-EF4476BBA451}.Release|ARM.Build.0 = Release|Any CPU
		{18F8C34D-6389-41F3-A2E4-EF4476BBA451}.Release|ARM64.ActiveCfg = Release|Any CPU
		{18F8C34D-6389-41F3-A2E4-EF4476BBA451}.Release|ARM64.Build.0 = Release|Any CPU
		{18F8C34D-6389-41F3-A2E4-EF4476BBA451}.Release|x64.ActiveCfg = Release|Any CPU
		{18F8C34D-6389-41F3-A2E4-EF4476BBA451}.Release|x64.Build.0 = Release|Any CPU
		{18F8C34D-6389-41F3-A2E4-EF4476BBA451}.Release|x86.ActiveCfg = Release|Any CPU
		{18F8C34D-6389-41F3-A2E4-EF4476BBA451}.Release|x86.Build.0 = Release|Any CPU
		{E2221507-0204-443B-A410-DDB3032848AA}.Debug|Any CPU.ActiveCfg = Debug|Any CPU
		{E2221507-0204-443B-A410-DDB3032848AA}.Debug|Any CPU.Build.0 = Debug|Any CPU
		{E2221507-0204-443B-A410-DDB3032848AA}.Debug|ARM.ActiveCfg = Debug|Any CPU
		{E2221507-0204-443B-A410-DDB3032848AA}.Debug|ARM.Build.0 = Debug|Any CPU
		{E2221507-0204-443B-A410-DDB3032848AA}.Debug|ARM64.ActiveCfg = Debug|Any CPU
		{E2221507-0204-443B-A410-DDB3032848AA}.Debug|ARM64.Build.0 = Debug|Any CPU
		{E2221507-0204-443B-A410-DDB3032848AA}.Debug|x64.ActiveCfg = Debug|Any CPU
		{E2221507-0204-443B-A410-DDB3032848AA}.Debug|x64.Build.0 = Debug|Any CPU
		{E2221507-0204-443B-A410-DDB3032848AA}.Debug|x86.ActiveCfg = Debug|Any CPU
		{E2221507-0204-443B-A410-DDB3032848AA}.Debug|x86.Build.0 = Debug|Any CPU
		{E2221507-0204-443B-A410-DDB3032848AA}.Release|Any CPU.ActiveCfg = Release|Any CPU
		{E2221507-0204-443B-A410-DDB3032848AA}.Release|Any CPU.Build.0 = Release|Any CPU
		{E2221507-0204-443B-A410-DDB3032848AA}.Release|ARM.ActiveCfg = Release|Any CPU
		{E2221507-0204-443B-A410-DDB3032848AA}.Release|ARM.Build.0 = Release|Any CPU
		{E2221507-0204-443B-A410-DDB3032848AA}.Release|ARM64.ActiveCfg = Release|Any CPU
		{E2221507-0204-443B-A410-DDB3032848AA}.Release|ARM64.Build.0 = Release|Any CPU
		{E2221507-0204-443B-A410-DDB3032848AA}.Release|x64.ActiveCfg = Release|Any CPU
		{E2221507-0204-443B-A410-DDB3032848AA}.Release|x64.Build.0 = Release|Any CPU
		{E2221507-0204-443B-A410-DDB3032848AA}.Release|x86.ActiveCfg = Release|Any CPU
		{E2221507-0204-443B-A410-DDB3032848AA}.Release|x86.Build.0 = Release|Any CPU
		{67CEEC40-014B-4CA4-873D-B37340956D0C}.Debug|Any CPU.ActiveCfg = Debug|Any CPU
		{67CEEC40-014B-4CA4-873D-B37340956D0C}.Debug|Any CPU.Build.0 = Debug|Any CPU
		{67CEEC40-014B-4CA4-873D-B37340956D0C}.Debug|ARM.ActiveCfg = Debug|Any CPU
		{67CEEC40-014B-4CA4-873D-B37340956D0C}.Debug|ARM.Build.0 = Debug|Any CPU
		{67CEEC40-014B-4CA4-873D-B37340956D0C}.Debug|ARM64.ActiveCfg = Debug|Any CPU
		{67CEEC40-014B-4CA4-873D-B37340956D0C}.Debug|ARM64.Build.0 = Debug|Any CPU
		{67CEEC40-014B-4CA4-873D-B37340956D0C}.Debug|x64.ActiveCfg = Debug|Any CPU
		{67CEEC40-014B-4CA4-873D-B37340956D0C}.Debug|x64.Build.0 = Debug|Any CPU
		{67CEEC40-014B-4CA4-873D-B37340956D0C}.Debug|x86.ActiveCfg = Debug|Any CPU
		{67CEEC40-014B-4CA4-873D-B37340956D0C}.Debug|x86.Build.0 = Debug|Any CPU
		{67CEEC40-014B-4CA4-873D-B37340956D0C}.Release|Any CPU.ActiveCfg = Release|Any CPU
		{67CEEC40-014B-4CA4-873D-B37340956D0C}.Release|Any CPU.Build.0 = Release|Any CPU
		{67CEEC40-014B-4CA4-873D-B37340956D0C}.Release|ARM.ActiveCfg = Release|Any CPU
		{67CEEC40-014B-4CA4-873D-B37340956D0C}.Release|ARM.Build.0 = Release|Any CPU
		{67CEEC40-014B-4CA4-873D-B37340956D0C}.Release|ARM64.ActiveCfg = Release|Any CPU
		{67CEEC40-014B-4CA4-873D-B37340956D0C}.Release|ARM64.Build.0 = Release|Any CPU
		{67CEEC40-014B-4CA4-873D-B37340956D0C}.Release|x64.ActiveCfg = Release|Any CPU
		{67CEEC40-014B-4CA4-873D-B37340956D0C}.Release|x64.Build.0 = Release|Any CPU
		{67CEEC40-014B-4CA4-873D-B37340956D0C}.Release|x86.ActiveCfg = Release|Any CPU
		{67CEEC40-014B-4CA4-873D-B37340956D0C}.Release|x86.Build.0 = Release|Any CPU
		{51D867A0-1392-4601-8EAC-245F211CC640}.Debug|Any CPU.ActiveCfg = Debug|Any CPU
		{51D867A0-1392-4601-8EAC-245F211CC640}.Debug|Any CPU.Build.0 = Debug|Any CPU
		{51D867A0-1392-4601-8EAC-245F211CC640}.Debug|ARM.ActiveCfg = Debug|Any CPU
		{51D867A0-1392-4601-8EAC-245F211CC640}.Debug|ARM.Build.0 = Debug|Any CPU
		{51D867A0-1392-4601-8EAC-245F211CC640}.Debug|ARM64.ActiveCfg = Debug|Any CPU
		{51D867A0-1392-4601-8EAC-245F211CC640}.Debug|ARM64.Build.0 = Debug|Any CPU
		{51D867A0-1392-4601-8EAC-245F211CC640}.Debug|x64.ActiveCfg = Debug|Any CPU
		{51D867A0-1392-4601-8EAC-245F211CC640}.Debug|x64.Build.0 = Debug|Any CPU
		{51D867A0-1392-4601-8EAC-245F211CC640}.Debug|x86.ActiveCfg = Debug|Any CPU
		{51D867A0-1392-4601-8EAC-245F211CC640}.Debug|x86.Build.0 = Debug|Any CPU
		{51D867A0-1392-4601-8EAC-245F211CC640}.Release|Any CPU.ActiveCfg = Release|Any CPU
		{51D867A0-1392-4601-8EAC-245F211CC640}.Release|Any CPU.Build.0 = Release|Any CPU
		{51D867A0-1392-4601-8EAC-245F211CC640}.Release|ARM.ActiveCfg = Release|Any CPU
		{51D867A0-1392-4601-8EAC-245F211CC640}.Release|ARM.Build.0 = Release|Any CPU
		{51D867A0-1392-4601-8EAC-245F211CC640}.Release|ARM64.ActiveCfg = Release|Any CPU
		{51D867A0-1392-4601-8EAC-245F211CC640}.Release|ARM64.Build.0 = Release|Any CPU
		{51D867A0-1392-4601-8EAC-245F211CC640}.Release|x64.ActiveCfg = Release|Any CPU
		{51D867A0-1392-4601-8EAC-245F211CC640}.Release|x64.Build.0 = Release|Any CPU
		{51D867A0-1392-4601-8EAC-245F211CC640}.Release|x86.ActiveCfg = Release|Any CPU
		{51D867A0-1392-4601-8EAC-245F211CC640}.Release|x86.Build.0 = Release|Any CPU
		{99414534-0649-4792-ADE6-6C0876D2A904}.Debug|Any CPU.ActiveCfg = Debug|Any CPU
		{99414534-0649-4792-ADE6-6C0876D2A904}.Debug|Any CPU.Build.0 = Debug|Any CPU
		{99414534-0649-4792-ADE6-6C0876D2A904}.Debug|ARM.ActiveCfg = Debug|Any CPU
		{99414534-0649-4792-ADE6-6C0876D2A904}.Debug|ARM.Build.0 = Debug|Any CPU
		{99414534-0649-4792-ADE6-6C0876D2A904}.Debug|ARM64.ActiveCfg = Debug|Any CPU
		{99414534-0649-4792-ADE6-6C0876D2A904}.Debug|ARM64.Build.0 = Debug|Any CPU
		{99414534-0649-4792-ADE6-6C0876D2A904}.Debug|x64.ActiveCfg = Debug|Any CPU
		{99414534-0649-4792-ADE6-6C0876D2A904}.Debug|x64.Build.0 = Debug|Any CPU
		{99414534-0649-4792-ADE6-6C0876D2A904}.Debug|x86.ActiveCfg = Debug|Any CPU
		{99414534-0649-4792-ADE6-6C0876D2A904}.Debug|x86.Build.0 = Debug|Any CPU
		{99414534-0649-4792-ADE6-6C0876D2A904}.Release|Any CPU.ActiveCfg = Release|Any CPU
		{99414534-0649-4792-ADE6-6C0876D2A904}.Release|Any CPU.Build.0 = Release|Any CPU
		{99414534-0649-4792-ADE6-6C0876D2A904}.Release|ARM.ActiveCfg = Release|Any CPU
		{99414534-0649-4792-ADE6-6C0876D2A904}.Release|ARM.Build.0 = Release|Any CPU
		{99414534-0649-4792-ADE6-6C0876D2A904}.Release|ARM64.ActiveCfg = Release|Any CPU
		{99414534-0649-4792-ADE6-6C0876D2A904}.Release|ARM64.Build.0 = Release|Any CPU
		{99414534-0649-4792-ADE6-6C0876D2A904}.Release|x64.ActiveCfg = Release|Any CPU
		{99414534-0649-4792-ADE6-6C0876D2A904}.Release|x64.Build.0 = Release|Any CPU
		{99414534-0649-4792-ADE6-6C0876D2A904}.Release|x86.ActiveCfg = Release|Any CPU
		{99414534-0649-4792-ADE6-6C0876D2A904}.Release|x86.Build.0 = Release|Any CPU
		{BB37F02C-5AA0-48D6-8480-6630D38099F5}.Debug|Any CPU.ActiveCfg = Debug|Any CPU
		{BB37F02C-5AA0-48D6-8480-6630D38099F5}.Debug|Any CPU.Build.0 = Debug|Any CPU
		{BB37F02C-5AA0-48D6-8480-6630D38099F5}.Debug|ARM.ActiveCfg = Debug|Any CPU
		{BB37F02C-5AA0-48D6-8480-6630D38099F5}.Debug|ARM.Build.0 = Debug|Any CPU
		{BB37F02C-5AA0-48D6-8480-6630D38099F5}.Debug|ARM64.ActiveCfg = Debug|Any CPU
		{BB37F02C-5AA0-48D6-8480-6630D38099F5}.Debug|ARM64.Build.0 = Debug|Any CPU
		{BB37F02C-5AA0-48D6-8480-6630D38099F5}.Debug|x64.ActiveCfg = Debug|Any CPU
		{BB37F02C-5AA0-48D6-8480-6630D38099F5}.Debug|x64.Build.0 = Debug|Any CPU
		{BB37F02C-5AA0-48D6-8480-6630D38099F5}.Debug|x86.ActiveCfg = Debug|Any CPU
		{BB37F02C-5AA0-48D6-8480-6630D38099F5}.Debug|x86.Build.0 = Debug|Any CPU
		{BB37F02C-5AA0-48D6-8480-6630D38099F5}.Release|Any CPU.ActiveCfg = Release|Any CPU
		{BB37F02C-5AA0-48D6-8480-6630D38099F5}.Release|Any CPU.Build.0 = Release|Any CPU
		{BB37F02C-5AA0-48D6-8480-6630D38099F5}.Release|ARM.ActiveCfg = Release|Any CPU
		{BB37F02C-5AA0-48D6-8480-6630D38099F5}.Release|ARM.Build.0 = Release|Any CPU
		{BB37F02C-5AA0-48D6-8480-6630D38099F5}.Release|ARM64.ActiveCfg = Release|Any CPU
		{BB37F02C-5AA0-48D6-8480-6630D38099F5}.Release|ARM64.Build.0 = Release|Any CPU
		{BB37F02C-5AA0-48D6-8480-6630D38099F5}.Release|x64.ActiveCfg = Release|Any CPU
		{BB37F02C-5AA0-48D6-8480-6630D38099F5}.Release|x64.Build.0 = Release|Any CPU
		{BB37F02C-5AA0-48D6-8480-6630D38099F5}.Release|x86.ActiveCfg = Release|Any CPU
		{BB37F02C-5AA0-48D6-8480-6630D38099F5}.Release|x86.Build.0 = Release|Any CPU
		{60653074-3CF5-4F3A-8657-9C2D9B889F70}.Debug|Any CPU.ActiveCfg = Debug|Any CPU
		{60653074-3CF5-4F3A-8657-9C2D9B889F70}.Debug|Any CPU.Build.0 = Debug|Any CPU
		{60653074-3CF5-4F3A-8657-9C2D9B889F70}.Debug|ARM.ActiveCfg = Debug|Any CPU
		{60653074-3CF5-4F3A-8657-9C2D9B889F70}.Debug|ARM.Build.0 = Debug|Any CPU
		{60653074-3CF5-4F3A-8657-9C2D9B889F70}.Debug|ARM64.ActiveCfg = Debug|Any CPU
		{60653074-3CF5-4F3A-8657-9C2D9B889F70}.Debug|ARM64.Build.0 = Debug|Any CPU
		{60653074-3CF5-4F3A-8657-9C2D9B889F70}.Debug|x64.ActiveCfg = Debug|Any CPU
		{60653074-3CF5-4F3A-8657-9C2D9B889F70}.Debug|x64.Build.0 = Debug|Any CPU
		{60653074-3CF5-4F3A-8657-9C2D9B889F70}.Debug|x86.ActiveCfg = Debug|Any CPU
		{60653074-3CF5-4F3A-8657-9C2D9B889F70}.Debug|x86.Build.0 = Debug|Any CPU
		{60653074-3CF5-4F3A-8657-9C2D9B889F70}.Release|Any CPU.ActiveCfg = Release|Any CPU
		{60653074-3CF5-4F3A-8657-9C2D9B889F70}.Release|Any CPU.Build.0 = Release|Any CPU
		{60653074-3CF5-4F3A-8657-9C2D9B889F70}.Release|ARM.ActiveCfg = Release|Any CPU
		{60653074-3CF5-4F3A-8657-9C2D9B889F70}.Release|ARM.Build.0 = Release|Any CPU
		{60653074-3CF5-4F3A-8657-9C2D9B889F70}.Release|ARM64.ActiveCfg = Release|Any CPU
		{60653074-3CF5-4F3A-8657-9C2D9B889F70}.Release|ARM64.Build.0 = Release|Any CPU
		{60653074-3CF5-4F3A-8657-9C2D9B889F70}.Release|x64.ActiveCfg = Release|Any CPU
		{60653074-3CF5-4F3A-8657-9C2D9B889F70}.Release|x64.Build.0 = Release|Any CPU
		{60653074-3CF5-4F3A-8657-9C2D9B889F70}.Release|x86.ActiveCfg = Release|Any CPU
		{60653074-3CF5-4F3A-8657-9C2D9B889F70}.Release|x86.Build.0 = Release|Any CPU
	EndGlobalSection
	GlobalSection(SolutionProperties) = preSolution
		HideSolutionNode = FALSE
	EndGlobalSection
	GlobalSection(NestedProjects) = preSolution
		{BA0DCCA9-4ACA-4633-95E0-69A776A21914} = {1815C165-8C43-4A14-9B01-CA1BF1B6426F}
		{7CE62FDC-3B2E-43C0-B935-2C2354F0E028} = {1815C165-8C43-4A14-9B01-CA1BF1B6426F}
		{1C1DC1D6-E1CB-4835-92F4-75C7DA34FA04} = {A54B1212-017A-435F-AE96-13A65181881A}
		{E9619917-E580-406E-ADC8-002C8F5C13EE} = {1815C165-8C43-4A14-9B01-CA1BF1B6426F}
		{22BEDA6E-21E5-4EA5-AD15-FC0F79ED2398} = {1815C165-8C43-4A14-9B01-CA1BF1B6426F}
		{C8315326-C39C-430F-B03D-EF032A87A379} = {AD56E253-F328-4161-9562-EAE0A9914AE4}
		{DCEBAD59-BBD0-48E4-8421-FB3EE3748779} = {AD56E253-F328-4161-9562-EAE0A9914AE4}
		{2FD249C5-9D57-4C76-83C7-11925F9C5F4D} = {AD56E253-F328-4161-9562-EAE0A9914AE4}
		{18F8C34D-6389-41F3-A2E4-EF4476BBA451} = {39E1D4E0-A4A4-4406-9D9E-310DABCFF1AD}
		{E2221507-0204-443B-A410-DDB3032848AA} = {39E1D4E0-A4A4-4406-9D9E-310DABCFF1AD}
		{67CEEC40-014B-4CA4-873D-B37340956D0C} = {39E1D4E0-A4A4-4406-9D9E-310DABCFF1AD}
		{51D867A0-1392-4601-8EAC-245F211CC640} = {518FC029-7306-486C-BE3E-D7B9A64FD09D}
		{99414534-0649-4792-ADE6-6C0876D2A904} = {518FC029-7306-486C-BE3E-D7B9A64FD09D}
		{BB37F02C-5AA0-48D6-8480-6630D38099F5} = {518FC029-7306-486C-BE3E-D7B9A64FD09D}
		{60653074-3CF5-4F3A-8657-9C2D9B889F70} = {3868EBE0-7562-4374-81CC-29CCC6F48528}
	EndGlobalSection
	GlobalSection(ExtensibilityGlobals) = postSolution
		SolutionGuid = {57E1A213-D948-42FF-BFE3-CC5D6A32C27E}
	EndGlobalSection
EndGlobal
